
Microsoft Visual Studio Solution File, Format Version 12.00
# Visual Studio 15
VisualStudioVersion = 15.0.28307.168
MinimumVisualStudioVersion = 10.0.40219.1
Project("{FAE04EC0-301F-11D3-BF4B-00C04F79EFBC}") = "2-14-19StateManagementLab", "2-14-19StateManagementLab\2-14-19StateManagementLab.csproj", "{CBAB9CE3-96AD-4308-BDA7-C43B478D230A}"
EndProject
Global
	GlobalSection(SolutionConfigurationPlatforms) = preSolution
		Debug|Any CPU = Debug|Any CPU
		Release|Any CPU = Release|Any CPU
	EndGlobalSection
	GlobalSection(ProjectConfigurationPlatforms) = postSolution
		{CBAB9CE3-96AD-4308-BDA7-C43B478D230A}.Debug|Any CPU.ActiveCfg = Debug|Any CPU
		{CBAB9CE3-96AD-4308-BDA7-C43B478D230A}.Debug|Any CPU.Build.0 = Debug|Any CPU
		{CBAB9CE3-96AD-4308-BDA7-C43B478D230A}.Release|Any CPU.ActiveCfg = Release|Any CPU
		{CBAB9CE3-96AD-4308-BDA7-C43B478D230A}.Release|Any CPU.Build.0 = Release|Any CPU
	EndGlobalSection
	GlobalSection(SolutionProperties) = preSolution
		HideSolutionNode = FALSE
	EndGlobalSection
	GlobalSection(ExtensibilityGlobals) = postSolution
		SolutionGuid = {E7A85092-C974-455B-9D16-4858CB5EFBFF}
	EndGlobalSection
EndGlobal
